
Microsoft Visual Studio Solution File, Format Version 12.00
Project("{FAE04EC0-301F-11D3-BF4B-00C04F79EFBC}") = "painternya", "painternya\painternya.csproj", "{DEE3D09E-D3AF-4166-98C4-0961D671C8F4}"
EndProject
Global
	GlobalSection(SolutionConfigurationPlatforms) = preSolution
		Debug|Any CPU = Debug|Any CPU
		Release|Any CPU = Release|Any CPU
	EndGlobalSection
	GlobalSection(ProjectConfigurationPlatforms) = postSolution
		{DEE3D09E-D3AF-4166-98C4-0961D671C8F4}.Debug|Any CPU.ActiveCfg = Debug|Any CPU
		{DEE3D09E-D3AF-4166-98C4-0961D671C8F4}.Debug|Any CPU.Build.0 = Debug|Any CPU
		{DEE3D09E-D3AF-4166-98C4-0961D671C8F4}.Release|Any CPU.ActiveCfg = Release|Any CPU
		{DEE3D09E-D3AF-4166-98C4-0961D671C8F4}.Release|Any CPU.Build.0 = Release|Any CPU
	EndGlobalSection
EndGlobal
